
Microsoft Visual Studio Solution File, Format Version 12.00
# Visual Studio 15
VisualStudioVersion = 15.0.28307.852
MinimumVisualStudioVersion = 10.0.40219.1
Project("{FAE04EC0-301F-11D3-BF4B-00C04F79EFBC}") = "Personas", "Personas\Personas.csproj", "{D1110267-A967-426C-8F27-FE616988DD49}"
EndProject
Project("{2150E333-8FDC-42A3-9474-1A3956D46DE8}") = "Imagenes", "Imagenes", "{1DE93A26-8592-4FA1-B1B1-109E57365865}"
	ProjectSection(SolutionItems) = preProject
		..\..\..\Desktop\git\2-DAM\DINT\Tema4\1.jpg = ..\..\..\Desktop\git\2-DAM\DINT\Tema4\1.jpg
		..\..\..\Desktop\git\2-DAM\DINT\Tema4\2.jpg = ..\..\..\Desktop\git\2-DAM\DINT\Tema4\2.jpg
		..\..\..\Desktop\git\2-DAM\DINT\Tema4\3.jpg = ..\..\..\Desktop\git\2-DAM\DINT\Tema4\3.jpg
		..\..\..\Desktop\git\2-DAM\DINT\Tema4\32.ico = ..\..\..\Desktop\git\2-DAM\DINT\Tema4\32.ico
		..\..\..\Desktop\git\2-DAM\DINT\Tema4\hombre.png = ..\..\..\Desktop\git\2-DAM\DINT\Tema4\hombre.png
		..\..\..\Desktop\git\2-DAM\DINT\Tema4\mujer.png = ..\..\..\Desktop\git\2-DAM\DINT\Tema4\mujer.png
	EndProjectSection
EndProject
Global
	GlobalSection(SolutionConfigurationPlatforms) = preSolution
		Debug|Any CPU = Debug|Any CPU
		Release|Any CPU = Release|Any CPU
	EndGlobalSection
	GlobalSection(ProjectConfigurationPlatforms) = postSolution
		{D1110267-A967-426C-8F27-FE616988DD49}.Debug|Any CPU.ActiveCfg = Debug|Any CPU
		{D1110267-A967-426C-8F27-FE616988DD49}.Debug|Any CPU.Build.0 = Debug|Any CPU
		{D1110267-A967-426C-8F27-FE616988DD49}.Release|Any CPU.ActiveCfg = Release|Any CPU
		{D1110267-A967-426C-8F27-FE616988DD49}.Release|Any CPU.Build.0 = Release|Any CPU
	EndGlobalSection
	GlobalSection(SolutionProperties) = preSolution
		HideSolutionNode = FALSE
	EndGlobalSection
	GlobalSection(ExtensibilityGlobals) = postSolution
		SolutionGuid = {71D7F677-95C9-4D21-8A8B-B6A77F1E6522}
	EndGlobalSection
EndGlobal
